
Microsoft Visual Studio Solution File, Format Version 12.00
# Visual Studio Version 17
VisualStudioVersion = 17.1.32228.430
MinimumVisualStudioVersion = 10.0.40219.1
Project("{FAE04EC0-301F-11D3-BF4B-00C04F79EFBC}") = "HowMI", "HowMI\HowMI.csproj", "{AAF2C225-4044-4715-B1DE-83AAAB7F913B}"
EndProject
Global
	GlobalSection(SolutionConfigurationPlatforms) = preSolution
		Debug|Any CPU = Debug|Any CPU
		Release|Any CPU = Release|Any CPU
	EndGlobalSection
	GlobalSection(ProjectConfigurationPlatforms) = postSolution
		{AAF2C225-4044-4715-B1DE-83AAAB7F913B}.Debug|Any CPU.ActiveCfg = Debug|Any CPU
		{AAF2C225-4044-4715-B1DE-83AAAB7F913B}.Debug|Any CPU.Build.0 = Debug|Any CPU
		{AAF2C225-4044-4715-B1DE-83AAAB7F913B}.Release|Any CPU.ActiveCfg = Release|Any CPU
		{AAF2C225-4044-4715-B1DE-83AAAB7F913B}.Release|Any CPU.Build.0 = Release|Any CPU
	EndGlobalSection
	GlobalSection(SolutionProperties) = preSolution
		HideSolutionNode = FALSE
	EndGlobalSection
	GlobalSection(ExtensibilityGlobals) = postSolution
		SolutionGuid = {C175D4B8-9B5D-41F1-81A7-7751343DBE18}
	EndGlobalSection
EndGlobal
